version = 1
revision = 3
requires-python = "==3.12.*"

[[package]]
name = "certifi"
version = "2026.7.22"
source = { registry = "https://pypi.org/simple" }
sdist = { url = "https://files.pythonhosted.org/packages/a3/c2/24167ea9858356b47a87a50d39908bfdb72ceeefe0041586e704e5376b3a/certifi-2026.7.22.tar.gz", hash = "sha256:741e2c3b351ddf169a738da9f2c048608ff7f2c5cc02f1ebc6b118bb090d5d55", size = 138112, upload-time = "2026-07-22T03:35:12.644Z" }
wheels = [
    { url = "https://files.pythonhosted.org/packages/0b/a7/71ac2cff56fec219ed242bb11b8efb69fcc4bec75db06fb7bfe35de520e6/certifi-2026.7.22-py3-none-any.whl", hash = "sha256:62f22742b58a1a33014a2b6b706588a8d7e2a88ae7bd1a6ebe8c992928483775", size = 136983, upload-time = "2026-07-22T03:35:11.276Z" },
]

[[package]]
name = "charset-normalizer"
version = "3.5.1"
source = { registry = "https://pypi.org/simple" }
sdist = { url = "https://files.pythonhosted.org/packages/e5/3f/143b048436775b0f76ac3eec145c019e8173ccc2885c8f20319b996d5e83/charset_normalizer-3.5.1.tar.gz", hash = "sha256:6117b84ea48435e5356dc737f5121485c30920ba43375fa7b434fd753df0eac3", size = 171764, upload-time = "2026-08-15T08:20:44.807Z" }
wheels = [
    { url = "https://files.pythonhosted.org/packages/30/27/78873dc8b6a56357517b74b6bb9568b80450e7bb4f6ef7e3fa9d22aa0bd7/charset_normalizer-3.5.1-cp312-cp312-macosx_10_13_universal2.whl", hash = "sha256:5b6d1386bf0096d26d3a863dc0a487a5b4eb9aa93cf5ba69683d29dde6b9d60f", size = 344456, upload-time = "2026-08-15T08:17:10.072Z" },
    { url = "https://files.pythonhosted.org/packages/9a/4c/be49ada26b1f0232d57aa89bbebf997a5cc2332a5616b6eca26ff680044d/charset_normalizer-3.5.1-cp312-cp312-manylinux2014_aarch64.manylinux_2_17_aarch64.manylinux_2_28_aarch64.whl", hash = "sha256:4582c27e8c889d64811987b5967fbd3ae0c823fe1fd933b543d55ac20bb475fa", size = 238530, upload-time = "2026-08-15T08:17:11.563Z" },
    { url = "https://files.pythonhosted.org/packages/76/84/6f1290fa07ae6978d3960caa3eb1b8019bf9284ab7c2297b00c099ef4250/charset_normalizer-3.5.1-cp312-cp312-manylinux2014_armv7l.manylinux_2_17_armv7l.manylinux_2_31_armv7l.whl", hash = "sha256:1d1c7a53a6c2103925cdd6d7229f8c567379f211c869793df679f2e9f738c369", size = 230200, upload-time = "2026-08-15T08:17:12.919Z" },
    { url = "https://files.pythonhosted.org/packages/e7/a0/47b18adeed31c8f16ba9700f32c1b18594cfa09f47eb672a488c273c22bf/charset_normalizer-3.5.1-cp312-cp312-manylinux2014_ppc64le.manylinux_2_17_ppc64le.manylinux_2_28_ppc64le.whl", hash = "sha256:e6621fb2a4988d6e53eedc455e5903e2679f3967b8acb3d639f1b63c14a2e893", size = 262222, upload-time = "2026-08-15T08:17:14.571Z" },
    { url = "https://files.pythonhosted.org/packages/38/fe/341861ac118dae06f3ec0eb487488af52128f2ef2faf0b11003944d22259/charset_normalizer-3.5.1-cp312-cp312-manylinux2014_s390x.manylinux_2_17_s390x.manylinux_2_28_s390x.whl", hash = "sha256:7c0c10730342b0c9b35dd1d619beb8214e520bd96a1f870f452680b238aab3e0", size = 258951, upload-time = "2026-08-15T08:17:16.158Z" },
    { url = "https://files.pythonhosted.org/packages/6f/89/bb5108dc6c3651dca963f2b0a3ba19bbcb370c94e1b6d3e0e844a58e6dca/charset_normalizer-3.5.1-cp312-cp312-manylinux2014_x86_64.manylinux_2_17_x86_64.manylinux_2_28_x86_64.whl", hash = "sha256:b9af956078716df40d985fb0dfeb2c2120c5ca92ba4ff4b388acfd01cdc14d08", size = 248801, upload-time = "2026-08-15T08:17:17.683Z" },
    { url = "https://files.pythonhosted.org/packages/b1/ba/ef83ae3aca816393decfa3530976f38a79812d707b80b580ac33b83f9877/charset_normalizer-3.5.1-cp312-cp312-manylinux_2_31_riscv64.manylinux_2_39_riscv64.whl", hash = "sha256:f9f8405c2c758532c74fed975dbee57be1f31a6e865c031870c79a6ed3212ada", size = 244070, upload-time = "2026-08-15T08:17:19.191Z" },
    { url = "https://files.pythonhosted.org/packages/f6/0b/c5292a2462d69b7378ea89793bbb5b2b6fcf6f7dd6d1667f9619094ad553/charset_normalizer-3.5.1-cp312-cp312-musllinux_1_2_aarch64.whl", hash = "sha256:96fef3e886d6a9874b14f27fc193fbdc69d5d8035783d86aa4e1cea594e695f9", size = 240110, upload-time = "2026-08-15T08:17:20.547Z" },
    { url = "https://files.pythonhosted.org/packages/46/22/111e5be3b740d5c2a5bfcedb3d237b6591e5c2e82ae9d6ffcb121fe0909c/charset_normalizer-3.5.1-cp312-cp312-musllinux_1_2_armv7l.whl", hash = "sha256:5d8531a6569d025f68e2321e7638fb7978f23db58e5f69f56913837aae03816e", size = 232836, upload-time = "2026-08-15T08:17:21.895Z" },
    { url = "https://files.pythonhosted.org/packages/f9/d2/d2aad6fe0dbb44b194bf3becb60f5a0ac48446ade999a47fe7bb41eb09a7/charset_normalizer-3.5.1-cp312-cp312-musllinux_1_2_ppc64le.whl", hash = "sha256:aae2ee51122d3ae968a3837d97dc24a0aeebb0dea23694422cd172bd30017cd6", size = 262712, upload-time = "2026-08-15T08:17:23.727Z" },
    { url = "https://files.pythonhosted.org/packages/35/5a/337e4663a5eae6de99db940ee8066d4145caafb61327db62deda15313cce/charset_normalizer-3.5.1-cp312-cp312-musllinux_1_2_riscv64.whl", hash = "sha256:7235dc28fc6dd9d832ac7c7bce95367dedb85929f17368a0c2bee1e080b9acbf", size = 242977, upload-time = "2026-08-15T08:17:25.157Z" },
    { url = "https://files.pythonhosted.org/packages/ca/85/f82f8a92e31c7519410e2e1afdc630f28ec47490ce2c09a11c1a43cbb459/charset_normalizer-3.5.1-cp312-cp312-musllinux_1_2_s390x.whl", hash = "sha256:4abdc5f9ad448c1ecbfae2974b820535d6bc6e7eef63babbab3d81cf46968c71", size = 260207, upload-time = "2026-08-15T08:17:26.602Z" },
    { url = "https://files.pythonhosted.org/packages/b7/52/643d11ffd60e9ac2fd1fb87e167a19285b9eefeff4a40e63c87cbfbeab36/charset_normalizer-3.5.1-cp312-cp312-musllinux_1_2_x86_64.whl", hash = "sha256:ba501e667c17d8411f98e67a022d9604ef179aff0e459b7e292c796837c13573", size = 250562, upload-time = "2026-08-15T08:17:27.971Z" },
    { url = "https://files.pythonhosted.org/packages/62/16/46556278c2168d12df9da7fede5dc6fc70e60301b26a82bbeec238c9cfe3/charset_normalizer-3.5.1-cp312-cp312-win32.whl", hash = "sha256:cfa1c0cc3a8f9f53f1243a5a99ac36fd003880199383b37672e86ddda9cb07e2", size = 178507, upload-time = "2026-08-15T08:17:29.277Z" },
    { url = "https://files.pythonhosted.org/packages/9d/7a/4c6c298171e6b3e745633180ff59350fc0ca0db1ffd28df1e369e0579f71/charset_normalizer-3.5.1-cp312-cp312-win_amd64.whl", hash = "sha256:3617ac3cfd8b9888f145ad89dd6e692285834b0201c6074a5eeaad3fd4d668c2", size = 200551, upload-time = "2026-08-15T08:17:30.668Z" },
    { url = "https://files.pythonhosted.org/packages/cd/d7/eb95a042f0dd22e304b0b6472b154f3546a1a039a9ee89ccb2a7f61591fc/charset_normalizer-3.5.1-cp312-cp312-win_arm64.whl", hash = "sha256:88e85ab89cb822c1e635f51d6d32e488f94e002e70e2f492bdb8b945543f345a", size = 180700, upload-time = "2026-08-15T08:17:32.028Z" },
    { url = "https://files.pythonhosted.org/packages/5b/97/fb4e82231aba271ffd775a1b4993b0defc4e3059f286ae41d9433409fe85/charset_normalizer-3.5.1-cp37-abi3-macosx_10_9_universal2.whl", hash = "sha256:41876ee62a3dddf48ff1121ad8f0798032aa03f2fd35f21f34a4cab14f18d8d2", size = 331467, upload-time = "2026-08-15T08:19:50.959Z" },
    { url = "https://files.pythonhosted.org/packages/9f/2f/fe3f187327aac18e2d54e9d2b08e15d27bf9b642d9e51c219f130fc34d1a/charset_normalizer-3.5.1-cp37-abi3-manylinux1_x86_64.manylinux_2_28_x86_64.manylinux_2_5_x86_64.whl", hash = "sha256:a6dac12ff6b846103483683f60c5f8fee205121adc58ffd87e90a90a3af69e99", size = 253057, upload-time = "2026-08-15T08:19:52.654Z" },
    { url = "https://files.pythonhosted.org/packages/d7/c7/9e48cee5c161fe24da823b61bf381921d77cb994a0a4de148e95018c1984/charset_normalizer-3.5.1-cp37-abi3-manylinux2014_aarch64.manylinux_2_17_aarch64.manylinux_2_28_aarch64.whl", hash = "sha256:cee5dd7c6fb5dd52a0fe2a740f9bc6e3593f5f8b1788bde49de02086f30182b2", size = 240930, upload-time = "2026-08-15T08:19:54.163Z" },
    { url = "https://files.pythonhosted.org/packages/49/e0/716601f3cc69be7b198951150c75ead1ece33c3c8036ff6ffa46029659a0/charset_normalizer-3.5.1-cp37-abi3-manylinux2014_armv7l.manylinux_2_17_armv7l.manylinux_2_31_armv7l.whl", hash = "sha256:343fb4f2821043bd87095f7b08a1a181febc8e36ac64212143bbfd0a0e1bc235", size = 230822, upload-time = "2026-08-15T08:19:55.807Z" },
    { url = "https://files.pythonhosted.org/packages/d3/05/71bfc5caa0abcc45aea1f6a4d50ac68e59605ddc7666fe8494f4cd229665/charset_normalizer-3.5.1-cp37-abi3-manylinux2014_ppc64le.manylinux_2_17_ppc64le.manylinux_2_28_ppc64le.whl", hash = "sha256:ae4a097991662cd4fff0ddc74e0fe7874f82e00042fa0ea00855645ed0c79598", size = 260037, upload-time = "2026-08-15T08:19:57.312Z" },
    { url = "https://files.pythonhosted.org/packages/c3/92/de7e32ed05341e7a9c4c877c318418197b7f2d66a3b68d561bf2ac57ca3e/charset_normalizer-3.5.1-cp37-abi3-manylinux2014_s390x.manylinux_2_17_s390x.manylinux_2_28_s390x.whl", hash = "sha256:4b599739b93b2cbeded49645ae3c8d1405c29ddfbceac1545c87a3f9580a9e96", size = 255097, upload-time = "2026-08-15T08:19:59.056Z" },
    { url = "https://files.pythonhosted.org/packages/f5/7b/ade0a122600319dfa0b1000ab0f9731c94a817904cf3c5de408c73a4ede7/charset_normalizer-3.5.1-cp37-abi3-manylinux_2_31_riscv64.manylinux_2_39_riscv64.whl", hash = "sha256:b39b69b347e5e47a3b5b8cfc005c68c1ba347474e3960236c4944a8ecd174962", size = 250166, upload-time = "2026-08-15T08:20:00.612Z" },
    { url = "https://files.pythonhosted.org/packages/75/9c/019fbb9f4834491a160951349b1a3714439376f66e5f7cf18b4f18f0c7aa/charset_normalizer-3.5.1-cp37-abi3-musllinux_1_2_aarch64.whl", hash = "sha256:a2028475ba855475b8b4d3cfeb4994269c967aea8b9892dfba907f4263a863a3", size = 241821, upload-time = "2026-08-15T08:20:02.321Z" },
    { url = "https://files.pythonhosted.org/packages/2b/b8/11d4840bfc99330cc7fbcc2681ee5a044553a6e77655508d8f9b2bff7b34/charset_normalizer-3.5.1-cp37-abi3-musllinux_1_2_armv7l.whl", hash = "sha256:36047af20e17097c3bb9476c2b7655f2f7aa51322c0ba58c07695bedf755a950", size = 232529, upload-time = "2026-08-15T08:20:04.008Z" },
    { url = "https://files.pythonhosted.org/packages/18/96/2b3a21492d9f65171ac75d872f5018260013d00bfa0ff70ec9f179148cbd/charset_normalizer-3.5.1-cp37-abi3-musllinux_1_2_ppc64le.whl", hash = "sha256:4c4fb141a727957c93edfe5c32a26ceb6b5f6461d67146e2d39f51e16170bea8", size = 260348, upload-time = "2026-08-15T08:20:05.877Z" },
    { url = "https://files.pythonhosted.org/packages/d6/aa/a69a2028e8bd052476c245460ab19d7de595de084dd968f2d75cd50c3e25/charset_normalizer-3.5.1-cp37-abi3-musllinux_1_2_riscv64.whl", hash = "sha256:2f293479cce755c75f1697e87c409b7ae4c555c7dfecb6e988ad13abba943031", size = 247234, upload-time = "2026-08-15T08:20:07.487Z" },
    { url = "https://files.pythonhosted.org/packages/35/8a/3d130aeabcaf3d2466af76b7b141c08d9e89c9016ab4b7cdd0f7dc2d1c62/charset_normalizer-3.5.1-cp37-abi3-musllinux_1_2_s390x.whl", hash = "sha256:3588e376b3ea2eea84976f67273d679f229e24c66dce7b82ae45aef04ff6e072", size = 256917, upload-time = "2026-08-15T08:20:09.142Z" },
    { url = "https://files.pythonhosted.org/packages/80/c2/a7379b840292d0c1ab9fbd17d1f3967aa81794dc95bc74be8999d7fedcf7/charset_normalizer-3.5.1-cp37-abi3-musllinux_1_2_x86_64.whl", hash = "sha256:e199fb99720074809a7720f1c0b4d919eea8b87e88713e0f8f602f7bef543d9d", size = 254846, upload-time = "2026-08-15T08:20:10.727Z" },
    { url = "https://files.pythonhosted.org/packages/01/65/d43b714731bb2f40d4053dfa00ecfc1c5a301f8e3316c5db3a09af59fe94/charset_normalizer-3.5.1-cp37-abi3-win32.whl", hash = "sha256:dd732602a7009217f658d5863d12d79d373a4de0eebc111094bcdd3bb8e0a6cc", size = 174216, upload-time = "2026-08-15T08:20:12.334Z" },
    { url = "https://files.pythonhosted.org/packages/35/4f/b911ed898b26a09789eba9c9200c999aff6c61b4bafaf4838e56d1a1e1a3/charset_normalizer-3.5.1-cp37-abi3-win_amd64.whl", hash = "sha256:70055ff39b97c99e7ae40ea3e393fb62aa2e44dbd9b29f8d14f42fb0025c3959", size = 199764, upload-time = "2026-08-15T08:20:13.908Z" },
    { url = "https://files.pythonhosted.org/packages/f0/a7/920baf467bfd9bf689f3b318340f37aee4572a71f162bd8db51da55ba4fa/charset_normalizer-3.5.1-cp37-abi3-win_arm64.whl", hash = "sha256:87e4f41d375c0b9be2fb5251aee4b8a689169e134535aed81bf085c3b647451e", size = 287318, upload-time = "2026-08-15T08:20:15.551Z" },
    { url = "https://files.pythonhosted.org/packages/cc/61/d01fc49b8dea277640b55a9e15960dbca9fdc8c9fde18e572d39c59f4019/charset_normalizer-3.5.1-py3-none-any.whl", hash = "sha256:6df0ec430f9a831772c23ca5a224cba36517a58a84bb32c32bb59a9fa67c47f6", size = 68658, upload-time = "2026-08-15T08:20:43.306Z" },
]

[[package]]
name = "colorama"
version = "0.4.6"
source = { registry = "https://pypi.org/simple" }
sdist = { url = "https://files.pythonhosted.org/packages/d8/53/6f443c9a4a8358a93a6792e2acffb9d9d5cb0a5cfd8802644b7b1c9a02e4/colorama-0.4.6.tar.gz", hash = "sha256:08695f5cb7ed6e0531a20572697297273c47b8cae5a63ffc6d6ed5c201be6e44", size = 27697, upload-time = "2022-10-25T02:36:22.414Z" }
wheels = [
    { url = "https://files.pythonhosted.org/packages/d1/d6/3965ed04c63042e047cb6a3e6ed1a63a35087b6a609aa3a15ed8ac56c221/colorama-0.4.6-py2.py3-none-any.whl", hash = "sha256:4f1d9991f5acc0ca119f9d443620b77f9d6b33703e51011c16baf57afb285fc6", size = 25335, upload-time = "2022-10-25T02:36:20.889Z" },
]

[[package]]
name = "docker"
version = "7.2.0"
source = { registry = "https://pypi.org/simple" }
dependencies = [
    { name = "pywin32", marker = "sys_platform == 'win32'" },
    { name = "requests" },
    { name = "urllib3" },
]
sdist = { url = "https://files.pythonhosted.org/packages/88/7f/731ff914b0255d3d065f45fd4e626d4b8c95dbcbaada049f337a6ac16410/docker-7.2.0.tar.gz", hash = "sha256:cebb93773d334f778e023a7ee352a8d6e13ab1bd3b863a4d4a59dec897df43ac", size = 118731, upload-time = "2026-07-09T14:53:46.39Z" }
wheels = [
    { url = "https://files.pythonhosted.org/packages/75/23/529140fe1aab80fc6992f93a706deec709140a6397439139a054e1515c45/docker-7.2.0-py3-none-any.whl", hash = "sha256:a3f45fdeb9165e2d25d9a1d02ddf3bc70fb572cf5ebbf9b58558c22caf29b71f", size = 148775, upload-time = "2026-07-09T14:53:45.224Z" },
]

[[package]]
name = "docopt"
version = "0.6.2"
source = { registry = "https://pypi.org/simple" }
sdist = { url = "https://files.pythonhosted.org/packages/a2/55/8f8cab2afd404cf578136ef2cc5dfb50baa1761b68c9da1fb1e4eed343c9/docopt-0.6.2.tar.gz", hash = "sha256:49b3a825280bd66b3aa83585ef59c4a8c82f2c8a522dbe754a8bc8d08c85c491", size = 25901, upload-time = "2014-06-16T11:18:57.406Z" }

[[package]]
name = "ellipticb-generator"
version = "0.1.0"
source = { virtual = "." }
dependencies = [
    { name = "docker" },
    { name = "fnv" },
    { name = "galois" },
    { name = "gitpython" },
    { name = "jinja2" },
    { name = "num2words" },
    { name = "tqdm" },
]

[package.metadata]
requires-dist = [
    { name = "docker", specifier = ">=7.1.0" },
    { name = "fnv", specifier = ">=0.2.0" },
    { name = "galois", specifier = ">=0.4.7" },
    { name = "gitpython", specifier = ">=3.1.59" },
    { name = "jinja2", specifier = ">=3.1.6" },
    { name = "num2words", specifier = ">=0.5.14" },
    { name = "tqdm", specifier = ">=4.67.1" },
]

[[package]]
name = "fnv"
version = "0.2.0"
source = { registry = "https://pypi.org/simple" }
dependencies = [
    { name = "typing" },
]
sdist = { url = "https://files.pythonhosted.org/packages/fe/2a/94b2bc7d872b066c3ee123105b8a713ff9f0867403de0642bafb0b678690/fnv-0.2.0.tar.gz", hash = "sha256:b9c720bd3d94ee174531014d33e0b553b0412e90e0d33ecf93358e17ce78f54e", size = 2389, upload-time = "2016-07-19T19:29:29.725Z" }

[[package]]
name = "galois"
version = "0.4.11"
source = { registry = "https://pypi.org/simple" }
dependencies = [
    { name = "numba" },
    { name = "numpy" },
    { name = "typing-extensions" },
]
sdist = { url = "https://files.pythonhosted.org/packages/08/84/996f1c4a7e8fe973a7f8e4d7901e125a91d0abb62615e35076ff47e9383a/galois-0.4.11.tar.gz", hash = "sha256:f5055546c4b39d1e36decae9d4f21f3d66d9c6c7c9aec39189cb5d2284e9022f", size = 7402587, upload-time = "2026-05-02T18:21:28.615Z" }
wheels = [
    { url = "https://files.pythonhosted.org/packages/05/89/dc69acbd34bde07b9dee9f9f88d7ce61ff97fd99d6d576d72d2db1461349/galois-0.4.11-py3-none-any.whl", hash = "sha256:d2e12a2b7fd44b108cc15d7de27dabcb8a98a556ea2c69c94fe695139629d9aa", size = 4197346, upload-time = "2026-05-02T18:21:26.868Z" },
]

[[package]]
name = "gitdb"
version = "4.0.12"
source = { registry = "https://pypi.org/simple" }
dependencies = [
    { name = "smmap" },
]
sdist = { url = "https://files.pythonhosted.org/packages/72/94/63b0fc47eb32792c7ba1fe1b694daec9a63620db1e313033d18140c2320a/gitdb-4.0.12.tar.gz", hash = "sha256:5ef71f855d191a3326fcfbc0d5da835f26b13fbcba60c32c21091c349ffdb571", size = 394684, upload-time = "2025-01-02T07:20:46.413Z" }
wheels = [
    { url = "https://files.pythonhosted.org/packages/a0/61/5c78b91c3143ed5c14207f463aecfc8f9dbb5092fb2869baf37c273b2705/gitdb-4.0.12-py3-none-any.whl", hash = "sha256:67073e15955400952c6565cc3e707c554a4eea2e428946f7a4c162fab9bd9bcf", size = 62794, upload-time = "2025-01-02T07:20:43.624Z" },
]

[[package]]
name = "gitpython"
version = "3.1.59"
source = { registry = "https://pypi.org/simple" }
dependencies = [
    { name = "gitdb" },
]
sdist = { url = "https://files.pythonhosted.org/packages/ca/dc/126b28e76b24a9268ba931ad3e012f71ebdadf62fd9f17758f7074bb0b20/gitpython-3.1.59.tar.gz", hash = "sha256:0a1475cfdc38a5bfba1a3e9a4a9da52a39749ecec322b772915c019f94e5b7e4", size = 230445, upload-time = "2026-08-10T12:03:20.271Z" }
wheels = [
    { url = "https://files.pythonhosted.org/packages/ef/ed/ae57eb7d344f43f87b74b3a281ead6ec7d6394eef72a7b1dcb28dd089550/gitpython-3.1.59-py3-none-any.whl", hash = "sha256:67a82f537384578643624c8b2c531938a9b82be431663e575dcf638526631d4c", size = 220996, upload-time = "2026-08-10T12:03:18.804Z" },
]

[[package]]
name = "idna"
version = "3.19"
source = { registry = "https://pypi.org/simple" }
sdist = { url = "https://files.pythonhosted.org/packages/5f/f7/abb373e5757eaec4b922b92f97ec8d6d7e057cf06778247604fbc4e7c3f3/idna-3.19.tar.gz", hash = "sha256:5e0811a4383b21dc5838069f801c4fb62113b7447663d2530d2bd6e77b49bf15", size = 215237, upload-time = "2026-08-18T05:14:24.27Z" }
wheels = [
    { url = "https://files.pythonhosted.org/packages/57/b0/0e52c878c53f245edd3a11020f20979b3f490f245af532c7cae3027754b5/idna-3.19-py3-none-any.whl", hash = "sha256:815e7be7a7806d54abb586dc943addc79e8b2ee16915059658cbeff4b1b43bf4", size = 68550, upload-time = "2026-08-18T05:14:22.343Z" },
]

[[package]]
name = "jinja2"
version = "3.1.6"
source = { registry = "https://pypi.org/simple" }
dependencies = [
    { name = "markupsafe" },
]
sdist = { url = "https://files.pythonhosted.org/packages/df/bf/f7da0350254c0ed7c72f3e33cef02e048281fec7ecec5f032d4aac52226b/jinja2-3.1.6.tar.gz", hash = "sha256:0137fb05990d35f1275a587e9aee6d56da821fc83491a0fb838183be43f66d6d", size = 245115, upload-time = "2025-03-05T20:05:02.478Z" }
wheels = [
    { url = "https://files.pythonhosted.org/packages/62/a1/3d680cbfd5f4b8f15abc1d571870c5fc3e594bb582bc3b64ea099db13e56/jinja2-3.1.6-py3-none-any.whl", hash = "sha256:85ece4451f492d0c13c5dd7c13a64681a86afae63a5f347908daf103ce6d2f67", size = 134899, upload-time = "2025-03-05T20:05:00.369Z" },
]

[[package]]
name = "llvmlite"
version = "0.49.0"
source = { registry = "https://pypi.org/simple" }
sdist = { url = "https://files.pythonhosted.org/packages/43/27/72ae94ea5c8f7349ec1c229d4cd058feb799cbd0833ad6d1b47c919b37b7/llvmlite-0.49.0.tar.gz", hash = "sha256:00f16db782f4a13c78c5804aedc434e46794a77e89999a168f9401106270e50a", size = 194467, upload-time = "2026-08-11T16:26:00.489Z" }
wheels = [
    { url = "https://files.pythonhosted.org/packages/6b/ae/3f699ebe3590e15e023a6372dd147526fd8ec398aacf9ceb844e854964a8/llvmlite-0.49.0-cp312-cp312-macosx_12_0_arm64.whl", hash = "sha256:b541c8fac3450db7574d1f53cf9dff83f285bfed9d69bf81fe71fc2a7d4f97fe", size = 40479231, upload-time = "2026-08-11T16:23:56.773Z" },
    { url = "https://files.pythonhosted.org/packages/be/3c/e97f69c62a2d972066d9a2612ce1f3de313035ac897a5b9f787cad8b55f7/llvmlite-0.49.0-cp312-cp312-manylinux2014_x86_64.manylinux_2_17_x86_64.whl", hash = "sha256:6acba646d88abbc87d5c113a3d62c1fbf8b8fee11c6493f516803e30f21ae870", size = 59890658, upload-time = "2026-08-11T16:24:05.451Z" },
    { url = "https://files.pythonhosted.org/packages/69/e6/e942ee08605fc0526ff3854260c384d8315a5830e16c4c2a5aebc14dc9bf/llvmlite-0.49.0-cp312-cp312-manylinux_2_27_aarch64.manylinux_2_28_aarch64.whl", hash = "sha256:4ec8ad805e7515cb8440a690eb3cef4d34acb29eef80b705ec4e1c1ad3c43c68", size = 58344481, upload-time = "2026-08-11T16:24:13.503Z" },
    { url = "https://files.pythonhosted.org/packages/84/49/2a44871cac6b5a2fd4aabd68cfdaf6de9a5c7edb36dee5d47b77bda4b50f/llvmlite-0.49.0-cp312-cp312-win_amd64.whl", hash = "sha256:3a9c9e3af4e214acfefa4f73ebe7bc3fb35854a62b654edb3953f5ae33c08ba3", size = 41865543, upload-time = "2026-08-11T16:24:20.41Z" },
]

[[package]]
name = "markupsafe"
version = "3.0.3"
source = { registry = "https://pypi.org/simple" }
sdist = { url = "https://files.pythonhosted.org/packages/7e/99/7690b6d4034fffd95959cbe0c02de8deb3098cc577c67bb6a24fe5d7caa7/markupsafe-3.0.3.tar.gz", hash = "sha256:722695808f4b6457b320fdc131280796bdceb04ab50fe1795cd540799ebe1698", size = 80313, upload-time = "2025-09-27T18:37:40.426Z" }
wheels = [
    { url = "https://files.pythonhosted.org/packages/5a/72/147da192e38635ada20e0a2e1a51cf8823d2119ce8883f7053879c2199b5/markupsafe-3.0.3-cp312-cp312-macosx_10_13_x86_64.whl", hash = "sha256:d53197da72cc091b024dd97249dfc7794d6a56530370992a5e1a08983ad9230e", size = 11615, upload-time = "2025-09-27T18:36:30.854Z" },
    { url = "https://files.pythonhosted.org/packages/9a/81/7e4e08678a1f98521201c3079f77db69fb552acd56067661f8c2f534a718/markupsafe-3.0.3-cp312-cp312-macosx_11_0_arm64.whl", hash = "sha256:1872df69a4de6aead3491198eaf13810b565bdbeec3ae2dc8780f14458ec73ce", size = 12020, upload-time = "2025-09-27T18:36:31.971Z" },
    { url = "https://files.pythonhosted.org/packages/1e/2c/799f4742efc39633a1b54a92eec4082e4f815314869865d876824c257c1e/markupsafe-3.0.3-cp312-cp312-manylinux2014_aarch64.manylinux_2_17_aarch64.manylinux_2_28_aarch64.whl", hash = "sha256:3a7e8ae81ae39e62a41ec302f972ba6ae23a5c5396c8e60113e9066ef893da0d", size = 24332, upload-time = "2025-09-27T18:36:32.813Z" },
    { url = "https://files.pythonhosted.org/packages/3c/2e/8d0c2ab90a8c1d9a24f0399058ab8519a3279d1bd4289511d74e909f060e/markupsafe-3.0.3-cp312-cp312-manylinux2014_x86_64.manylinux_2_17_x86_64.manylinux_2_28_x86_64.whl", hash = "sha256:d6dd0be5b5b189d31db7cda48b91d7e0a9795f31430b7f271219ab30f1d3ac9d", size = 22947, upload-time = "2025-09-27T18:36:33.86Z" },
    { url = "https://files.pythonhosted.org/packages/2c/54/887f3092a85238093a0b2154bd629c89444f395618842e8b0c41783898ea/markupsafe-3.0.3-cp312-cp312-manylinux_2_31_riscv64.manylinux_2_39_riscv64.whl", hash = "sha256:94c6f0bb423f739146aec64595853541634bde58b2135f27f61c1ffd1cd4d16a", size = 21962, upload-time = "2025-09-27T18:36:35.099Z" },
    { url = "https://files.pythonhosted.org/packages/c9/2f/336b8c7b6f4a4d95e91119dc8521402461b74a485558d8f238a68312f11c/markupsafe-3.0.3-cp312-cp312-musllinux_1_2_aarch64.whl", hash = "sha256:be8813b57049a7dc738189df53d69395eba14fb99345e0a5994914a3864c8a4b", size = 23760, upload-time = "2025-09-27T18:36:36.001Z" },
    { url = "https://files.pythonhosted.org/packages/32/43/67935f2b7e4982ffb50a4d169b724d74b62a3964bc1a9a527f5ac4f1ee2b/markupsafe-3.0.3-cp312-cp312-musllinux_1_2_riscv64.whl", hash = "sha256:83891d0e9fb81a825d9a6d61e3f07550ca70a076484292a70fde82c4b807286f", size = 21529, upload-time = "2025-09-27T18:36:36.906Z" },
    { url = "https://files.pythonhosted.org/packages/89/e0/4486f11e51bbba8b0c041098859e869e304d1c261e59244baa3d295d47b7/markupsafe-3.0.3-cp312-cp312-musllinux_1_2_x86_64.whl", hash = "sha256:77f0643abe7495da77fb436f50f8dab76dbc6e5fd25d39589a0f1fe6548bfa2b", size = 23015, upload-time = "2025-09-27T18:36:37.868Z" },
    { url = "https://files.pythonhosted.org/packages/2f/e1/78ee7a023dac597a5825441ebd17170785a9dab23de95d2c7508ade94e0e/markupsafe-3.0.3-cp312-cp312-win32.whl", hash = "sha256:d88b440e37a16e651bda4c7c2b930eb586fd15ca7406cb39e211fcff3bf3017d", size = 14540, upload-time = "2025-09-27T18:36:38.761Z" },
    { url = "https://files.pythonhosted.org/packages/aa/5b/bec5aa9bbbb2c946ca2733ef9c4ca91c91b6a24580193e891b5f7dbe8e1e/markupsafe-3.0.3-cp312-cp312-win_amd64.whl", hash = "sha256:26a5784ded40c9e318cfc2bdb30fe164bdb8665ded9cd64d500a34fb42067b1c", size = 15105, upload-time = "2025-09-27T18:36:39.701Z" },
    { url = "https://files.pythonhosted.org/packages/e5/f1/216fc1bbfd74011693a4fd837e7026152e89c4bcf3e77b6692fba9923123/markupsafe-3.0.3-cp312-cp312-win_arm64.whl", hash = "sha256:35add3b638a5d900e807944a078b51922212fb3dedb01633a8defc4b01a3c85f", size = 13906, upload-time = "2025-09-27T18:36:40.689Z" },
]

[[package]]
name = "num2words"
version = "0.5.14"
source = { registry = "https://pypi.org/simple" }
dependencies = [
    { name = "docopt" },
]
sdist = { url = "https://files.pythonhosted.org/packages/f6/58/ad645bd38b4b648eb2fc2ba1b909398e54eb0cbb6a7dbd2b4953e38c9621/num2words-0.5.14.tar.gz", hash = "sha256:b066ec18e56b6616a3b38086b5747daafbaa8868b226a36127e0451c0cf379c6", size = 218213, upload-time = "2024-12-17T20:17:10.191Z" }
wheels = [
    { url = "https://files.pythonhosted.org/packages/d6/5b/545e9267a1cc080c8a1be2746113a063e34bcdd0f5173fd665a5c13cb234/num2words-0.5.14-py3-none-any.whl", hash = "sha256:1c8e5b00142fc2966fd8d685001e36c4a9911e070d1b120e1beb721fa1edb33d", size = 163525, upload-time = "2024-12-17T20:17:06.074Z" },
]

[[package]]
name = "numba"
version = "0.67.0"
source = { registry = "https://pypi.org/simple" }
dependencies = [
    { name = "llvmlite" },
    { name = "numpy" },
]
sdist = { url = "https://files.pythonhosted.org/packages/7a/90/2544f4e3a61e501d6c9a5418fd4b905323222693d54a02cab0106a0af865/numba-0.67.0.tar.gz", hash = "sha256:cd75aa535b33fa05d9d930b1ae8af9f97a2881e96d72dfb38ec9b78284d9f851", size = 2836515, upload-time = "2026-08-11T23:04:00.174Z" }
wheels = [
    { url = "https://files.pythonhosted.org/packages/0d/58/915cddba90010348ed0444451132fdde9b000bcbaff1582029b5bf115d11/numba-0.67.0-cp312-cp312-macosx_12_0_arm64.whl", hash = "sha256:6004d8d5f28d4028687fb2d972d629295b13685943bd2ed5cd8810c3b848e219", size = 2745050, upload-time = "2026-08-11T23:03:25.607Z" },
    { url = "https://files.pythonhosted.org/packages/bb/38/926757caaac18a66f057d7544a63620bf360a07d281c9f7ecadd2aa83963/numba-0.67.0-cp312-cp312-manylinux2014_x86_64.manylinux_2_17_x86_64.whl", hash = "sha256:f63d43db06b4756424d6d2484737c902e0ae944a0eec3e8b0b4de2c695b15caa", size = 3884596, upload-time = "2026-08-11T23:03:27.688Z" },
    { url = "https://files.pythonhosted.org/packages/4d/6d/58291dc58da39d98b32db7f044729f6d8d4920cd9622fbab3179b54ff4c4/numba-0.67.0-cp312-cp312-manylinux_2_27_aarch64.manylinux_2_28_aarch64.whl", hash = "sha256:76d3335aaeffb9dc88309420890e73497a00be08a7530441bc2b58ffe025bfa5", size = 3585290, upload-time = "2026-08-11T23:03:29.684Z" },
    { url = "https://files.pythonhosted.org/packages/6e/63/ab21828b4056afed71f9ecb40f4de26c2c19de731cc001961aca74b79464/numba-0.67.0-cp312-cp312-win_amd64.whl", hash = "sha256:50e2b72406c18cda5dd7431b0082cb85ea94e06c64c33607248fc8bef92cfb81", size = 2815645, upload-time = "2026-08-11T23:03:31.732Z" },
]

[[package]]
name = "numpy"
version = "2.5.2"
source = { registry = "https://pypi.org/simple" }
sdist = { url = "https://files.pythonhosted.org/packages/9a/80/db0b4559e57ec36362bedbb05530a87fafbcb6067708c946967a41d449e7/numpy-2.5.2.tar.gz", hash = "sha256:d482d171c406ae88c5b19cad3b6a1c4c5209f886ab74bc44c2c865c23f52d860", size = 20773161, upload-time = "2026-08-09T13:48:27.962Z" }
wheels = [
    { url = "https://files.pythonhosted.org/packages/69/72/dccb0aaf40972777283303919f613964227266d0c13adebb79ac124f1c3e/numpy-2.5.2-cp312-cp312-macosx_10_13_x86_64.whl", hash = "sha256:14e373cfc6387177e8409dac3c7159be8eb05cd77096cd7c950268b86f62831c", size = 16891693, upload-time = "2026-08-09T13:44:51.702Z" },
    { url = "https://files.pythonhosted.org/packages/60/2e/b5aee50a1f74ac815cf8331812cb8251e29024025de462e0c047641c614c/numpy-2.5.2-cp312-cp312-macosx_11_0_arm64.whl", hash = "sha256:4bbd96c833ecc8cc069ce518078fc8c60cb9cbfb0fea5b7a803ad65035596d03", size = 11903109, upload-time = "2026-08-09T13:44:55.501Z" },
    { url = "https://files.pythonhosted.org/packages/f3/f4/29e78102a80601cf034d4e9767022cffeca2c3b4c926e1754572ca95593d/numpy-2.5.2-cp312-cp312-macosx_14_0_arm64.whl", hash = "sha256:6e8172ddfcf5cf74b811d372b570b83c60bd2de87a6fbfbebdadb4a9bd9c6cbb", size = 5350202, upload-time = "2026-08-09T13:44:58.401Z" },
    { url = "https://files.pythonhosted.org/packages/11/4b/dcd3b7eadaf4035d2c7a4289d232523a6964f602598ef7674e4bd7291f93/numpy-2.5.2-cp312-cp312-macosx_14_0_x86_64.whl", hash = "sha256:65f188481f1669e26f62b701e8205d19e460fa4a9b52a1414ba382330e4a3414", size = 6687736, upload-time = "2026-08-09T13:45:00.813Z" },
    { url = "https://files.pythonhosted.org/packages/e5/21/4947e0e9d6c9fc2e2ff15b8949049ee44f63adb9cacc729ab8793f97e712/numpy-2.5.2-cp312-cp312-manylinux_2_27_aarch64.manylinux_2_28_aarch64.whl", hash = "sha256:8ee9c4eeb8454b3660a8b53493563c3e121c2fc94fbd72b848ef814ed7b676a9", size = 15612696, upload-time = "2026-08-09T13:45:04.151Z" },
    { url = "https://files.pythonhosted.org/packages/3a/5f/62d28cf019460c7f1394105b4d49d9911a9c444cb77ab0bd95a204c5a6de/numpy-2.5.2-cp312-cp312-manylinux_2_27_x86_64.manylinux_2_28_x86_64.whl", hash = "sha256:3cdec01fa790a186d430433fdd4d4ffb70eed6f0eeb4bf05c8dbe2dce0a9bcb8", size = 16722264, upload-time = "2026-08-09T13:45:07.714Z" },
    { url = "https://files.pythonhosted.org/packages/14/25/3f0be4c1b9fdf5dd5e708a6806978564d7c46a055c000496309ff2a2f8af/numpy-2.5.2-cp312-cp312-musllinux_1_2_aarch64.whl", hash = "sha256:7999d4ddb0c4025018373fd787510d46e04c769467af22869707b3c1cfd459ab", size = 16974396, upload-time = "2026-08-09T13:45:11.316Z" },
    { url = "https://files.pythonhosted.org/packages/22/72/6262cbdeeb45da9d971e40715f579d791603ba8ec0b5e2db1ac55454421d/numpy-2.5.2-cp312-cp312-musllinux_1_2_x86_64.whl", hash = "sha256:c1f017dc0875c9209d219f97feceb7d54c2661bb243deb4114478e1295808af7", size = 18476044, upload-time = "2026-08-09T13:45:14.869Z" },
    { url = "https://files.pythonhosted.org/packages/36/33/29208b8b075bde62d26a81d14b358c42b0f69b6cabd98d4ff97f37f22b05/numpy-2.5.2-cp312-cp312-win32.whl", hash = "sha256:d6a48072864e3324e194a8fbb3c657bcc5b5c869dbc64c9537b1d5c862572c0a", size = 6072817, upload-time = "2026-08-09T13:45:17.867Z" },
    { url = "https://files.pythonhosted.org/packages/7f/b9/87fea2769fe1c47c1b5b01d8310772c9d1a85d485de7cf386ef7a3332b02/numpy-2.5.2-cp312-cp312-win_amd64.whl", hash = "sha256:28ac63476ec7651484215ee7fa15a1f78b57c14621f01e392afe17b9a1390ce4", size = 12464674, upload-time = "2026-08-09T13:45:20.734Z" },
    { url = "https://files.pythonhosted.org/packages/14/52/032b97e00461ab0809bbe4c588b035620e5a14b8cdee47ecddefc7b17d33/numpy-2.5.2-cp312-cp312-win_arm64.whl", hash = "sha256:27650bb0e7140fa3d37b9923b4803645e0b125d190f326eecfd3f4dad8e8ade1", size = 10397131, upload-time = "2026-08-09T13:45:23.73Z" },
]

[[package]]
name = "pywin32"
version = "312"
source = { registry = "https://pypi.org/simple" }
wheels = [
    { url = "https://files.pythonhosted.org/packages/83/ff/32aa7d2ed0ab12b323aaa64f9b75e6ad4f8fd09f9ccfc28c79414d46838d/pywin32-312-cp312-cp312-win32.whl", hash = "sha256:dab4f65ac9c4e48400a2a0530c46c3c579cd5905ecd11b80692373915269208b", size = 6371877, upload-time = "2026-06-04T07:49:28.836Z" },
    { url = "https://files.pythonhosted.org/packages/03/d9/77040d3b43df3f3be32ea289433d660d2727f5ba327bc73be835127d9d60/pywin32-312-cp312-cp312-win_amd64.whl", hash = "sha256:b457f6d628a47e8a7346ce22acb7e1a46a4a78b52e1d17e1af56871bd19a93bc", size = 6914841, upload-time = "2026-06-04T07:49:31.85Z" },
    { url = "https://files.pythonhosted.org/packages/e3/cc/7b1ec671775756020a0ee7f4feeaf3c568f0ab86bd3900088cf986937a92/pywin32-312-cp312-cp312-win_arm64.whl", hash = "sha256:6017c58e12f6809fbb0555b75df144c2922a9ffd18e4b9b5afa863b6c1a9d950", size = 6727901, upload-time = "2026-06-04T07:49:34.244Z" },
]

[[package]]
name = "requests"
version = "2.34.2"
source = { registry = "https://pypi.org/simple" }
dependencies = [
    { name = "certifi" },
    { name = "charset-normalizer" },
    { name = "idna" },
    { name = "urllib3" },
]
sdist = { url = "https://files.pythonhosted.org/packages/ac/c3/e2a2b89f2d3e2179abd6d00ebd70bff6273f37fb3e0cc209f48b39d00cbf/requests-2.34.2.tar.gz", hash = "sha256:f288924cae4e29463698d6d60bc6a4da69c89185ad1e0bcc4104f584e960b9ed", size = 142856, upload-time = "2026-05-14T19:25:27.735Z" }
wheels = [
    { url = "https://files.pythonhosted.org/packages/a0/f4/c67b0b3f1b9245e8d266f0f112c500d50e5b4e83cb6f3b71b6528104182a/requests-2.34.2-py3-none-any.whl", hash = "sha256:2a0d60c172f83ac6ab31e4554906c0f3b3588d37b5cb939b1c061f4907e278e0", size = 73075, upload-time = "2026-05-14T19:25:26.443Z" },
]

[[package]]
name = "smmap"
version = "5.0.3"
source = { registry = "https://pypi.org/simple" }
sdist = { url = "https://files.pythonhosted.org/packages/1f/ea/49c993d6dfdd7338c9b1000a0f36817ed7ec84577ae2e52f890d1a4ff909/smmap-5.0.3.tar.gz", hash = "sha256:4d9debb8b99007ae47165abc08670bd74cb74b5227dda7f643eccc4e9eb5642c", size = 22506, upload-time = "2026-03-09T03:43:26.1Z" }
wheels = [
    { url = "https://files.pythonhosted.org/packages/c1/d4/59e74daffcb57a07668852eeeb6035af9f32cbfd7a1d2511f17d2fe6a738/smmap-5.0.3-py3-none-any.whl", hash = "sha256:c106e05d5a61449cf6ba9a1e650227ecfb141590d2a98412103ff35d89fc7b2f", size = 24390, upload-time = "2026-03-09T03:43:24.361Z" },
]

[[package]]
name = "tqdm"
version = "4.70.0"
source = { registry = "https://pypi.org/simple" }
dependencies = [
    { name = "colorama", marker = "sys_platform == 'win32'" },
]
sdist = { url = "https://files.pythonhosted.org/packages/21/3b/6c24bec5be5e743ffd99576daa5cc077722fc7d5bbc00bd133fa0c698dc6/tqdm-4.70.0.tar.gz", hash = "sha256:55b0b0dbd97462d06ebee91e4dac24ed4d4702be82b24f07e6c1d27e08cea220", size = 795438, upload-time = "2026-07-27T11:33:15.271Z" }
wheels = [
    { url = "https://files.pythonhosted.org/packages/f9/1c/01bfd571a64e7f270e6bab5e33777debe0edc56759233ce84f27dec92d14/tqdm-4.70.0-py3-none-any.whl", hash = "sha256:7f585706bfddbdebf89daac705b2dfcc16890130727d3197ca62c732b4310953", size = 80184, upload-time = "2026-07-27T11:33:13.167Z" },
]

[[package]]
name = "typing"
version = "3.5.2.2"
source = { registry = "https://pypi.org/simple" }
sdist = { url = "https://files.pythonhosted.org/packages/19/2f/b1090ace275335a9c0dde9a4623b109b7960a2b5370ae59d1eb1539afd8a/typing-3.5.2.2.tar.gz", hash = "sha256:2bce34292653af712963c877f3085250a336738e64f99048d1b8509bebc4772f", size = 51101, upload-time = "2016-06-09T17:55:45.023Z" }

[[package]]
name = "typing-extensions"
version = "4.16.0"
source = { registry = "https://pypi.org/simple" }
sdist = { url = "https://files.pythonhosted.org/packages/f6/cc/6253133b5bb138fc3306cebfbda2c520f545d36b5be2c7255cc528bb45d6/typing_extensions-4.16.0.tar.gz", hash = "sha256:dc983d19a509c94dba722ee6abd33940f7c05a89e243c47e907eb4db6f1a43e5", size = 113555, upload-time = "2026-07-02T08:40:05.92Z" }
wheels = [
    { url = "https://files.pythonhosted.org/packages/49/d3/b8441a820a491ddfc024b0b0cf0393375b75ea13866d9c66727e54c2fc80/typing_extensions-4.16.0-py3-none-any.whl", hash = "sha256:481caa481374e813c1b176ada14e97f1f67a4539ce9cfeb3f350d78d6370c2e8", size = 45571, upload-time = "2026-07-02T08:40:04.659Z" },
]

[[package]]
name = "urllib3"
version = "2.7.0"
source = { registry = "https://pypi.org/simple" }
sdist = { url = "https://files.pythonhosted.org/packages/53/0c/06f8b233b8fd13b9e5ee11424ef85419ba0d8ba0b3138bf360be2ff56953/urllib3-2.7.0.tar.gz", hash = "sha256:231e0ec3b63ceb14667c67be60f2f2c40a518cb38b03af60abc813da26505f4c", size = 433602, upload-time = "2026-05-07T16:13:18.596Z" }
wheels = [
    { url = "https://files.pythonhosted.org/packages/7f/3e/5db95bcf282c52709639744ca2a8b149baccf648e39c8cc87553df9eae0c/urllib3-2.7.0-py3-none-any.whl", hash = "sha256:9fb4c81ebbb1ce9531cce37674bbc6f1360472bc18ca9a553ede278ef7276897", size = 131087, upload-time = "2026-05-07T16:13:17.151Z" },
]
